{
  "name": "node-red-contrib-fronius-solar",
  "version": "0.1.0",
  "lockfileVersion": 1,
  "requires": true,
  "dependencies": {
    "bluebird": {
      "version": "3.5.5",
      "resolved": "https://registry.npmjs.org/bluebird/-/bluebird-3.5.5.tgz",
      "integrity": "sha512-5am6HnnfN+urzt4yfg7IgTbotDjIT/u8AJpEt0sIU9FtXfVeezXAPKswrG+xKUCOYAINpSdgZVDU6QFh+cuH3w=="
    },
    "http-digest-client": {
      "version": "git+https://github.com/mwittig/node-http-digest-client.git#d0224a51c5e8b97a2d1dd741f90018bd738762d8",
      "from": "git+https://github.com/mwittig/node-http-digest-client.git#d0224a51c5e8b97a2d1dd741f90018bd738762d8"
    },
    "lodash": {
      "version": "4.17.15",
      "resolved": "https://registry.npmjs.org/lodash/-/lodash-4.17.15.tgz",
      "integrity": "sha512-8xOcRHvCjnocdS5cpwXQXVzmmh5e5+saE2QGoeQmbKmRS6J3VQppPOIt0MnmE+4xlZoumy0GPG0D0MVIQbNA1A=="
    },
    "node-fronius-solar": {
      "version": "0.0.10",
      "resolved": "https://registry.npmjs.org/node-fronius-solar/-/node-fronius-solar-0.0.10.tgz",
      "integrity": "sha1-hu3na16Gj7rUwIbVukebYXUa8ss=",
      "requires": {
        "bluebird": "^3.5.0",
        "http-digest-client": "git+https://github.com/mwittig/node-http-digest-client.git#d0224a51c5e8b97a2d1dd741f90018bd738762d8",
        "lodash": "^4.17.4"
      }
    }
  }
}
